
Microsoft Visual Studio Solution File, Format Version 12.00
# Visual Studio Version 17
VisualStudioVersion = 17.12.35707.178
MinimumVisualStudioVersion = 10.0.40219.1
Project("{FAE04EC0-301F-11D3-BF4B-00C04F79EFBC}") = "CoffeeShop.PointOfSales.EntityFramework", "CoffeeShop.PointOfSales.EntityFramework\CoffeeShop.PointOfSales.EntityFramework.csproj", "{34AA54AD-EF36-44CB-A64C-AEB634B3EC86}"
EndProject
Project("{FAE04EC0-301F-11D3-BF4B-00C04F79EFBC}") = "TestProject", "TestProject\TestProject.csproj", "{A1D5C047-4951-45DD-A951-7E7AAB4FF0BD}"
EndProject
Global
	GlobalSection(SolutionConfigurationPlatforms) = preSolution
		Debug|Any CPU = Debug|Any CPU
		Release|Any CPU = Release|Any CPU
	EndGlobalSection
	GlobalSection(ProjectConfigurationPlatforms) = postSolution
		{34AA54AD-EF36-44CB-A64C-AEB634B3EC86}.Debug|Any CPU.ActiveCfg = Debug|Any CPU
		{34AA54AD-EF36-44CB-A64C-AEB634B3EC86}.Debug|Any CPU.Build.0 = Debug|Any CPU
		{34AA54AD-EF36-44CB-A64C-AEB634B3EC86}.Release|Any CPU.ActiveCfg = Release|Any CPU
		{34AA54AD-EF36-44CB-A64C-AEB634B3EC86}.Release|Any CPU.Build.0 = Release|Any CPU
		{A1D5C047-4951-45DD-A951-7E7AAB4FF0BD}.Debug|Any CPU.ActiveCfg = Debug|Any CPU
		{A1D5C047-4951-45DD-A951-7E7AAB4FF0BD}.Debug|Any CPU.Build.0 = Debug|Any CPU
		{A1D5C047-4951-45DD-A951-7E7AAB4FF0BD}.Release|Any CPU.ActiveCfg = Release|Any CPU
		{A1D5C047-4951-45DD-A951-7E7AAB4FF0BD}.Release|Any CPU.Build.0 = Release|Any CPU
	EndGlobalSection
	GlobalSection(SolutionProperties) = preSolution
		HideSolutionNode = FALSE
	EndGlobalSection
EndGlobal
